
Microsoft Visual Studio Solution File, Format Version 12.00
# Visual Studio Version 16
VisualStudioVersion = 16.0.31605.320
MinimumVisualStudioVersion = 10.0.40219.1
Project("{FAE04EC0-301F-11D3-BF4B-00C04F79EFBC}") = "Hotel", "Hotel\Hotel.csproj", "{14CA97B3-0E9D-42C9-A670-D64139BDCE80}"
EndProject
Global
	GlobalSection(SolutionConfigurationPlatforms) = preSolution
		Debug|Any CPU = Debug|Any CPU
		Release|Any CPU = Release|Any CPU
	EndGlobalSection
	GlobalSection(ProjectConfigurationPlatforms) = postSolution
		{14CA97B3-0E9D-42C9-A670-D64139BDCE80}.Debug|Any CPU.ActiveCfg = Debug|Any CPU
		{14CA97B3-0E9D-42C9-A670-D64139BDCE80}.Debug|Any CPU.Build.0 = Debug|Any CPU
		{14CA97B3-0E9D-42C9-A670-D64139BDCE80}.Release|Any CPU.ActiveCfg = Release|Any CPU
		{14CA97B3-0E9D-42C9-A670-D64139BDCE80}.Release|Any CPU.Build.0 = Release|Any CPU
	EndGlobalSection
	GlobalSection(SolutionProperties) = preSolution
		HideSolutionNode = FALSE
	EndGlobalSection
	GlobalSection(ExtensibilityGlobals) = postSolution
		SolutionGuid = {F7634A3C-F9A9-446A-A6B5-00141FCD6650}
	EndGlobalSection
EndGlobal
